
Microsoft Visual Studio Solution File, Format Version 12.00
# Visual Studio Version 17
VisualStudioVersion = 17.10.35013.160
MinimumVisualStudioVersion = 10.0.40219.1
Project("{9A19103F-16F7-4668-BE54-9A1E7A4F7556}") = "Roost.Web.Server", "Roost.Web.Server\Roost.Web.Server.csproj", "{4D080FCD-9984-4D8F-9D28-3632B0022A40}"
EndProject
Project("{54A90642-561A-4BB1-A94E-469ADEE60C69}") = "Roost.Web.Angular", "Roost.Web.Angular\Roost.Web.Angular.esproj", "{1CFDA061-1B42-463D-94CC-5B30389ED0F2}"
EndProject
Global
	GlobalSection(SolutionConfigurationPlatforms) = preSolution
		Debug|Any CPU = Debug|Any CPU
		Release|Any CPU = Release|Any CPU
	EndGlobalSection
	GlobalSection(ProjectConfigurationPlatforms) = postSolution
		{4D080FCD-9984-4D8F-9D28-3632B0022A40}.Debug|Any CPU.ActiveCfg = Debug|Any CPU
		{4D080FCD-9984-4D8F-9D28-3632B0022A40}.Debug|Any CPU.Build.0 = Debug|Any CPU
		{4D080FCD-9984-4D8F-9D28-3632B0022A40}.Release|Any CPU.ActiveCfg = Release|Any CPU
		{4D080FCD-9984-4D8F-9D28-3632B0022A40}.Release|Any CPU.Build.0 = Release|Any CPU
		{1CFDA061-1B42-463D-94CC-5B30389ED0F2}.Debug|Any CPU.ActiveCfg = Debug|Any CPU
		{1CFDA061-1B42-463D-94CC-5B30389ED0F2}.Debug|Any CPU.Build.0 = Debug|Any CPU
		{1CFDA061-1B42-463D-94CC-5B30389ED0F2}.Debug|Any CPU.Deploy.0 = Debug|Any CPU
		{1CFDA061-1B42-463D-94CC-5B30389ED0F2}.Release|Any CPU.ActiveCfg = Release|Any CPU
		{1CFDA061-1B42-463D-94CC-5B30389ED0F2}.Release|Any CPU.Build.0 = Release|Any CPU
		{1CFDA061-1B42-463D-94CC-5B30389ED0F2}.Release|Any CPU.Deploy.0 = Release|Any CPU
	EndGlobalSection
	GlobalSection(SolutionProperties) = preSolution
		HideSolutionNode = FALSE
	EndGlobalSection
	GlobalSection(ExtensibilityGlobals) = postSolution
		SolutionGuid = {3C2B0B9F-5575-4068-A3BE-2B14D778E56A}
	EndGlobalSection
EndGlobal
